// !$*UTF8*$!
{
	archiveVersion = 1;
	classes = {
	};
	objectVersion = 50;
	objects = {

/* Begin PBXBuildFile section */
		15229A1F22E8936500DA9C42 /* LifeViewController3Players.swift in Sources */ = {isa = PBXBuildFile; fileRef = 15229A1E22E8936500DA9C42 /* LifeViewController3Players.swift */; };
		154E739E23419169004328DE /* LifeViewController1Player.swift in Sources */ = {isa = PBXBuildFile; fileRef = 154E739D23419169004328DE /* LifeViewController1Player.swift */; };
		1581438E22E3F65C00D62EA3 /* LifeViewController2Players.swift in Sources */ = {isa = PBXBuildFile; fileRef = 1581438D22E3F65C00D62EA3 /* LifeViewController2Players.swift */; };
		159BF3EB22E204EB009CD3BA /* AppDelegate.swift in Sources */ = {isa = PBXBuildFile; fileRef = 159BF3EA22E204EB009CD3BA /* AppDelegate.swift */; };
		159BF3ED22E204EB009CD3BA /* ViewController.swift in Sources */ = {isa = PBXBuildFile; fileRef = 159BF3EC22E204EB009CD3BA /* ViewController.swift */; };
		159BF3F022E204EB009CD3BA /* Main.storyboard in Resources */ = {isa = PBXBuildFile; fileRef = 159BF3EE22E204EB009CD3BA /* Main.storyboard */; };
		159BF3F222E204ED009CD3BA /* Assets.xcassets in Resources */ = {isa = PBXBuildFile; fileRef = 159BF3F122E204ED009CD3BA /* Assets.xcassets */; };
		159BF3F522E204ED009CD3BA /* LaunchScreen.storyboard in Resources */ = {isa = PBXBuildFile; fileRef = 159BF3F322E204ED009CD3BA /* LaunchScreen.storyboard */; };
		159BF40022E204ED009CD3BA /* MTGManagerTests.swift in Sources */ = {isa = PBXBuildFile; fileRef = 159BF3FF22E204ED009CD3BA /* MTGManagerTests.swift */; };
		159BF40B22E204ED009CD3BA /* MTGManagerUITests.swift in Sources */ = {isa = PBXBuildFile; fileRef = 159BF40A22E204ED009CD3BA /* MTGManagerUITests.swift */; };
		15ABFBF223204C7C00BD7487 /* SettingsView.swift in Sources */ = {isa = PBXBuildFile; fileRef = 15ABFBF123204C7C00BD7487 /* SettingsView.swift */; };
		15AF0B182316F4A400A37B8A /* LifeViewController4Players.swift in Sources */ = {isa = PBXBuildFile; fileRef = 15AF0B172316F4A400A37B8A /* LifeViewController4Players.swift */; };
		15AF0B1A2316FECF00A37B8A /* LifeViewController5Players.swift in Sources */ = {isa = PBXBuildFile; fileRef = 15AF0B192316FECF00A37B8A /* LifeViewController5Players.swift */; };
/* End PBXBuildFile section */

/* Begin PBXContainerItemProxy section */
		159BF3FC22E204ED009CD3BA /* PBXContainerItemProxy */ = {
			isa = PBXContainerItemProxy;
			containerPortal = 159BF3DF22E204EB009CD3BA /* Project object */;
			proxyType = 1;
			remoteGlobalIDString = 159BF3E622E204EB009CD3BA;
			remoteInfo = MTGManager;
		};
		159BF40722E204ED009CD3BA /* PBXContainerItemProxy */ = {
			isa = PBXContainerItemProxy;
			containerPortal = 159BF3DF22E204EB009CD3BA /* Project object */;
			proxyType = 1;
			remoteGlobalIDString = 159BF3E622E204EB009CD3BA;
			remoteInfo = MTGManager;
		};
/* End PBXContainerItemProxy section */

/* Begin PBXFileReference section */
		15229A1E22E8936500DA9C42 /* LifeViewController3Players.swift */ = {isa = PBXFileReference; lastKnownFileType = sourcecode.swift; path = LifeViewController3Players.swift; sourceTree = "<group>"; };
		154E739D23419169004328DE /* LifeViewController1Player.swift */ = {isa = PBXFileReference; lastKnownFileType = sourcecode.swift; path = LifeViewController1Player.swift; sourceTree = "<group>"; };
		1581438D22E3F65C00D62EA3 /* LifeViewController2Players.swift */ = {isa = PBXFileReference; lastKnownFileType = sourcecode.swift; path = LifeViewController2Players.swift; sourceTree = "<group>"; };
		159BF3E722E204EB009CD3BA /* MTGM.app */ = {isa = PBXFileReference; explicitFileType = wrapper.application; includeInIndex = 0; path = MTGM.app; sourceTree = BUILT_PRODUCTS_DIR; };
		159BF3EA22E204EB009CD3BA /* AppDelegate.swift */ = {isa = PBXFileReference; lastKnownFileType = sourcecode.swift; path = AppDelegate.swift; sourceTree = "<group>"; };
		159BF3EC22E204EB009CD3BA /* ViewController.swift */ = {isa = PBXFileReference; lastKnownFileType = sourcecode.swift; path = ViewController.swift; sourceTree = "<group>"; };
		159BF3EF22E204EB009CD3BA /* Base */ = {isa = PBXFileReference; lastKnownFileType = file.storyboard; name = Base; path = Base.lproj/Main.storyboard; sourceTree = "<group>"; };
		159BF3F122E204ED009CD3BA /* Assets.xcassets */ = {isa = PBXFileReference; lastKnownFileType = folder.assetcatalog; path = Assets.xcassets; sourceTree = "<group>"; };
		159BF3F422E204ED009CD3BA /* Base */ = {isa = PBXFileReference; lastKnownFileType = file.storyboard; name = Base; path = Base.lproj/LaunchScreen.storyboard; sourceTree = "<group>"; };
		159BF3F622E204ED009CD3BA /* Info.plist */ = {isa = PBXFileReference; lastKnownFileType = text.plist.xml; path = Info.plist; sourceTree = "<group>"; };
		159BF3FB22E204ED009CD3BA /* MTGManagerTests.xctest */ = {isa = PBXFileReference; explicitFileType = wrapper.cfbundle; includeInIndex = 0; path = MTGManagerTests.xctest; sourceTree = BUILT_PRODUCTS_DIR; };
		159BF3FF22E204ED009CD3BA /* MTGManagerTests.swift */ = {isa = PBXFileReference; lastKnownFileType = sourcecode.swift; path = MTGManagerTests.swift; sourceTree = "<group>"; };
		159BF40122E204ED009CD3BA /* Info.plist */ = {isa = PBXFileReference; lastKnownFileType = text.plist.xml; path = Info.plist; sourceTree = "<group>"; };
		159BF40622E204ED009CD3BA /* MTGManagerUITests.xctest */ = {isa = PBXFileReference; explicitFileType = wrapper.cfbundle; includeInIndex = 0; path = MTGManagerUITests.xctest; sourceTree = BUILT_PRODUCTS_DIR; };
		159BF40A22E204ED009CD3BA /* MTGManagerUITests.swift */ = {isa = PBXFileReference; lastKnownFileType = sourcecode.swift; path = MTGManagerUITests.swift; sourceTree = "<group>"; };
		159BF40C22E204ED009CD3BA /* Info.plist */ = {isa = PBXFileReference; lastKnownFileType = text.plist.xml; path = Info.plist; sourceTree = "<group>"; };
		15ABFBF123204C7C00BD7487 /* SettingsView.swift */ = {isa = PBXFileReference; lastKnownFileType = sourcecode.swift; path = SettingsView.swift; sourceTree = "<group>"; };
		15AF0B172316F4A400A37B8A /* LifeViewController4Players.swift */ = {isa = PBXFileReference; lastKnownFileType = sourcecode.swift; path = LifeViewController4Players.swift; sourceTree = "<group>"; };
		15AF0B192316FECF00A37B8A /* LifeViewController5Players.swift */ = {isa = PBXFileReference; lastKnownFileType = sourcecode.swift; path = LifeViewController5Players.swift; sourceTree = "<group>"; };
/* End PBXFileReference section */

/* Begin PBXFrameworksBuildPhase section */
		159BF3E422E204EB009CD3BA /* Frameworks */ = {
			isa = PBXFrameworksBuildPhase;
			buildActionMask = 2147483647;
			files = (
			);
			runOnlyForDeploymentPostprocessing = 0;
		};
		159BF3F822E204ED009CD3BA /* Frameworks */ = {
			isa = PBXFrameworksBuildPhase;
			buildActionMask = 2147483647;
			files = (
			);
			runOnlyForDeploymentPostprocessing = 0;
		};
		159BF40322E204ED009CD3BA /* Frameworks */ = {
			isa = PBXFrameworksBuildPhase;
			buildActionMask = 2147483647;
			files = (
			);
			runOnlyForDeploymentPostprocessing = 0;
		};
/* End PBXFrameworksBuildPhase section */

/* Begin PBXGroup section */
		159BF3DE22E204EB009CD3BA = {
			isa = PBXGroup;
			children = (
				159BF3E922E204EB009CD3BA /* MTGManager */,
				159BF3FE22E204ED009CD3BA /* MTGManagerTests */,
				159BF40922E204ED009CD3BA /* MTGManagerUITests */,
				159BF3E822E204EB009CD3BA /* Products */,
			);
			sourceTree = "<group>";
		};
		159BF3E822E204EB009CD3BA /* Products */ = {
			isa = PBXGroup;
			children = (
				159BF3E722E204EB009CD3BA /* MTGM.app */,
				159BF3FB22E204ED009CD3BA /* MTGManagerTests.xctest */,
				159BF40622E204ED009CD3BA /* MTGManagerUITests.xctest */,
			);
			name = Products;
			sourceTree = "<group>";
		};
		159BF3E922E204EB009CD3BA /* MTGManager */ = {
			isa = PBXGroup;
			children = (
				15ABFBF123204C7C00BD7487 /* SettingsView.swift */,
				159BF3EA22E204EB009CD3BA /* AppDelegate.swift */,
				159BF3EC22E204EB009CD3BA /* ViewController.swift */,
				154E739D23419169004328DE /* LifeViewController1Player.swift */,
				1581438D22E3F65C00D62EA3 /* LifeViewController2Players.swift */,
				15229A1E22E8936500DA9C42 /* LifeViewController3Players.swift */,
				15AF0B172316F4A400A37B8A /* LifeViewController4Players.swift */,
				15AF0B192316FECF00A37B8A /* LifeViewController5Players.swift */,
				159BF3EE22E204EB009CD3BA /* Main.storyboard */,
				159BF3F122E204ED009CD3BA /* Assets.xcassets */,
				159BF3F322E204ED009CD3BA /* LaunchScreen.storyboard */,
				159BF3F622E204ED009CD3BA /* Info.plist */,
			);
			path = MTGManager;
			sourceTree = "<group>";
		};
		159BF3FE22E204ED009CD3BA /* MTGManagerTests */ = {
			isa = PBXGroup;
			children = (
				159BF3FF22E204ED009CD3BA /* MTGManagerTests.swift */,
				159BF40122E204ED009CD3BA /* Info.plist */,
			);
			path = MTGManagerTests;
			sourceTree = "<group>";
		};
		159BF40922E204ED009CD3BA /* MTGManagerUITests */ = {
			isa = PBXGroup;
			children = (
				159BF40A22E204ED009CD3BA /* MTGManagerUITests.swift */,
				159BF40C22E204ED009CD3BA /* Info.plist */,
			);
			path = MTGManagerUITests;
			sourceTree = "<group>";
		};
/* End PBXGroup section */

/* Begin PBXNativeTarget section */
		159BF3E622E204EB009CD3BA /* MTGManager */ = {
			isa = PBXNativeTarget;
			buildConfigurationList = 159BF40F22E204ED009CD3BA /* Build configuration list for PBXNativeTarget "MTGManager" */;
			buildPhases = (
				159BF3E322E204EB009CD3BA /* Sources */,
				159BF3E422E204EB009CD3BA /* Frameworks */,
				159BF3E522E204EB009CD3BA /* Resources */,
			);
			buildRules = (
			);
			dependencies = (
			);
			name = MTGManager;
			productName = MTGManager;
			productReference = 159BF3E722E204EB009CD3BA /* MTGM.app */;
			productType = "com.apple.product-type.application";
		};
		159BF3FA22E204ED009CD3BA /* MTGManagerTests */ = {
			isa = PBXNativeTarget;
			buildConfigurationList = 159BF41222E204ED009CD3BA /* Build configuration list for PBXNativeTarget "MTGManagerTests" */;
			buildPhases = (
				159BF3F722E204ED009CD3BA /* Sources */,
				159BF3F822E204ED009CD3BA /* Frameworks */,
				159BF3F922E204ED009CD3BA /* Resources */,
			);
			buildRules = (
			);
			dependencies = (
				159BF3FD22E204ED009CD3BA /* PBXTargetDependency */,
			);
			name = MTGManagerTests;
			productName = MTGManagerTests;
			productReference = 159BF3FB22E204ED009CD3BA /* MTGManagerTests.xctest */;
			productType = "com.apple.product-type.bundle.unit-test";
		};
		159BF40522E204ED009CD3BA /* MTGManagerUITests */ = {
			isa = PBXNativeTarget;
			buildConfigurationList = 159BF41522E204ED009CD3BA /* Build configuration list for PBXNativeTarget "MTGManagerUITests" */;
			buildPhases = (
				159BF40222E204ED009CD3BA /* Sources */,
				159BF40322E204ED009CD3BA /* Frameworks */,
				159BF40422E204ED009CD3BA /* Resources */,
			);
			buildRules = (
			);
			dependencies = (
				159BF40822E204ED009CD3BA /* PBXTargetDependency */,
			);
			name = MTGManagerUITests;
			productName = MTGManagerUITests;
			productReference = 159BF40622E204ED009CD3BA /* MTGManagerUITests.xctest */;
			productType = "com.apple.product-type.bundle.ui-testing";
		};
/* End PBXNativeTarget section */

/* Begin PBXProject section */
		159BF3DF22E204EB009CD3BA /* Project object */ = {
			isa = PBXProject;
			attributes = {
				LastSwiftUpdateCheck = 1020;
				LastUpgradeCheck = 1020;
				ORGANIZATIONNAME = "Noah Saldaña";
				TargetAttributes = {
					159BF3E622E204EB009CD3BA = {
						CreatedOnToolsVersion = 10.2.1;
					};
					159BF3FA22E204ED009CD3BA = {
						CreatedOnToolsVersion = 10.2.1;
						TestTargetID = 159BF3E622E204EB009CD3BA;
					};
					159BF40522E204ED009CD3BA = {
						CreatedOnToolsVersion = 10.2.1;
						TestTargetID = 159BF3E622E204EB009CD3BA;
					};
				};
			};
			buildConfigurationList = 159BF3E222E204EB009CD3BA /* Build configuration list for PBXProject "MTGManager" */;
			compatibilityVersion = "Xcode 9.3";
			developmentRegion = en;
			hasScannedForEncodings = 0;
			knownRegions = (
				en,
				Base,
			);
			mainGroup = 159BF3DE22E204EB009CD3BA;
			productRefGroup = 159BF3E822E204EB009CD3BA /* Products */;
			projectDirPath = "";
			projectRoot = "";
			targets = (
				159BF3E622E204EB009CD3BA /* MTGManager */,
				159BF3FA22E204ED009CD3BA /* MTGManagerTests */,
				159BF40522E204ED009CD3BA /* MTGManagerUITests */,
			);
		};
/* End PBXProject section */

/* Begin PBXResourcesBuildPhase section */
		159BF3E522E204EB009CD3BA /* Resources */ = {
			isa = PBXResourcesBuildPhase;
			buildActionMask = 2147483647;
			files = (
				159BF3F522E204ED009CD3BA /* LaunchScreen.storyboard in Resources */,
				159BF3F222E204ED009CD3BA /* Assets.xcassets in Resources */,
				159BF3F022E204EB009CD3BA /* Main.storyboard in Resources */,
			);
			runOnlyForDeploymentPostprocessing = 0;
		};
		159BF3F922E204ED009CD3BA /* Resources */ = {
			isa = PBXResourcesBuildPhase;
			buildActionMask = 2147483647;
			files = (
			);
			runOnlyForDeploymentPostprocessing = 0;
		};
		159BF40422E204ED009CD3BA /* Resources */ = {
			isa = PBXResourcesBuildPhase;
			buildActionMask = 2147483647;
			files = (
			);
			runOnlyForDeploymentPostprocessing = 0;
		};
/* End PBXResourcesBuildPhase section */

/* Begin PBXSourcesBuildPhase section */
		159BF3E322E204EB009CD3BA /* Sources */ = {
			isa = PBXSourcesBuildPhase;
			buildActionMask = 2147483647;
			files = (
				159BF3ED22E204EB009CD3BA /* ViewController.swift in Sources */,
				15ABFBF223204C7C00BD7487 /* SettingsView.swift in Sources */,
				15229A1F22E8936500DA9C42 /* LifeViewController3Players.swift in Sources */,
				15AF0B182316F4A400A37B8A /* LifeViewController4Players.swift in Sources */,
				159BF3EB22E204EB009CD3BA /* AppDelegate.swift in Sources */,
				15AF0B1A2316FECF00A37B8A /* LifeViewController5Players.swift in Sources */,
				1581438E22E3F65C00D62EA3 /* LifeViewController2Players.swift in Sources */,
				154E739E23419169004328DE /* LifeViewController1Player.swift in Sources */,
			);
			runOnlyForDeploymentPostprocessing = 0;
		};
		159BF3F722E204ED009CD3BA /* Sources */ = {
			isa = PBXSourcesBuildPhase;
			buildActionMask = 2147483647;
			files = (
				159BF40022E204ED009CD3BA /* MTGManagerTests.swift in Sources */,
			);
			runOnlyForDeploymentPostprocessing = 0;
		};
		159BF40222E204ED009CD3BA /* Sources */ = {
			isa = PBXSourcesBuildPhase;
			buildActionMask = 2147483647;
			files = (
				159BF40B22E204ED009CD3BA /* MTGManagerUITests.swift in Sources */,
			);
			runOnlyForDeploymentPostprocessing = 0;
		};
/* End PBXSourcesBuildPhase section */

/* Begin PBXTargetDependency section */
		159BF3FD22E204ED009CD3BA /* PBXTargetDependency */ = {
			isa = PBXTargetDependency;
			target = 159BF3E622E204EB009CD3BA /* MTGManager */;
			targetProxy = 159BF3FC22E204ED009CD3BA /* PBXContainerItemProxy */;
		};
		159BF40822E204ED009CD3BA /* PBXTargetDependency */ = {
			isa = PBXTargetDependency;
			target = 159BF3E622E204EB009CD3BA /* MTGManager */;
			targetProxy = 159BF40722E204ED009CD3BA /* PBXContainerItemProxy */;
		};
/* End PBXTargetDependency section */

/* Begin PBXVariantGroup section */
		159BF3EE22E204EB009CD3BA /* Main.storyboard */ = {
			isa = PBXVariantGroup;
			children = (
				159BF3EF22E204EB009CD3BA /* Base */,
			);
			name = Main.storyboard;
			sourceTree = "<group>";
		};
		159BF3F322E204ED009CD3BA /* LaunchScreen.storyboard */ = {
			isa = PBXVariantGroup;
			children = (
				159BF3F422E204ED009CD3BA /* Base */,
			);
			name = LaunchScreen.storyboard;
			sourceTree = "<group>";
		};
/* End PBXVariantGroup section */

/* Begin XCBuildConfiguration section */
		159BF40D22E204ED009CD3BA /* Debug */ = {
			isa = XCBuildConfiguration;
			buildSettings = {
				ALWAYS_SEARCH_USER_PATHS = NO;
				CLANG_ANALYZER_NONNULL = YES;
				CLANG_ANALYZER_NUMBER_OBJECT_CONVERSION = YES_AGGRESSIVE;
				CLANG_CXX_LANGUAGE_STANDARD = "gnu++14";
				CLANG_CXX_LIBRARY = "libc++";
				CLANG_ENABLE_MODULES = YES;
				CLANG_ENABLE_OBJC_ARC = YES;
				CLANG_ENABLE_OBJC_WEAK = YES;
				CLANG_WARN_BLOCK_CAPTURE_AUTORELEASING = YES;
				CLANG_WARN_BOOL_CONVERSION = YES;
				CLANG_WARN_COMMA = YES;
				CLANG_WARN_CONSTANT_CONVERSION = YES;
				CLANG_WARN_DEPRECATED_OBJC_IMPLEMENTATIONS = YES;
				CLANG_WARN_DIRECT_OBJC_ISA_USAGE = YES_ERROR;
				CLANG_WARN_DOCUMENTATION_COMMENTS = YES;
				CLANG_WARN_EMPTY_BODY = YES;
				CLANG_WARN_ENUM_CONVERSION = YES;
				CLANG_WARN_INFINITE_RECURSION = YES;
				CLANG_WARN_INT_CONVERSION = YES;
				CLANG_WARN_NON_LITERAL_NULL_CONVERSION = YES;
				CLANG_WARN_OBJC_IMPLICIT_RETAIN_SELF = YES;
				CLANG_WARN_OBJC_LITERAL_CONVERSION = YES;
				CLANG_WARN_OBJC_ROOT_CLASS = YES_ERROR;
				CLANG_WARN_RANGE_LOOP_ANALYSIS = YES;
				CLANG_WARN_STRICT_PROTOTYPES = YES;
				CLANG_WARN_SUSPICIOUS_MOVE = YES;
				CLANG_WARN_UNGUARDED_AVAILABILITY = YES_AGGRESSIVE;
				CLANG_WARN_UNREACHABLE_CODE = YES;
				CLANG_WARN__DUPLICATE_METHOD_MATCH = YES;
				CODE_SIGN_IDENTITY = "iPhone Developer";
				COPY_PHASE_STRIP = NO;
				DEBUG_INFORMATION_FORMAT = dwarf;
				ENABLE_STRICT_OBJC_MSGSEND = YES;
				ENABLE_TESTABILITY = YES;
				GCC_C_LANGUAGE_STANDARD = gnu11;
				GCC_DYNAMIC_NO_PIC = NO;
				GCC_NO_COMMON_BLOCKS = YES;
				GCC_OPTIMIZATION_LEVEL = 0;
				GCC_PREPROCESSOR_DEFINITIONS = (
					"DEBUG=1",
					"$(inherited)",
				);
				GCC_WARN_64_TO_32_BIT_CONVERSION = YES;
				GCC_WARN_ABOUT_RETURN_TYPE = YES_ERROR;
				GCC_WARN_UNDECLARED_SELECTOR = YES;
				GCC_WARN_UNINITIALIZED_AUTOS = YES_AGGRESSIVE;
				GCC_WARN_UNUSED_FUNCTION = YES;
				GCC_WARN_UNUSED_VARIABLE = YES;
				IPHONEOS_DEPLOYMENT_TARGET = 12.2;
				MTL_ENABLE_DEBUG_INFO = INCLUDE_SOURCE;
				MTL_FAST_MATH = YES;
				ONLY_ACTIVE_ARCH = YES;
				SDKROOT = iphoneos;
				SWIFT_ACTIVE_COMPILATION_CONDITIONS = DEBUG;
				SWIFT_OPTIMIZATION_LEVEL = "-Onone";
			};
			name = Debug;
		};
		159BF40E22E204ED009CD3BA /* Release */ = {
			isa = XCBuildConfiguration;
			buildSettings = {
				ALWAYS_SEARCH_USER_PATHS = NO;
				CLANG_ANALYZER_NONNULL = YES;
				CLANG_ANALYZER_NUMBER_OBJECT_CONVERSION = YES_AGGRESSIVE;
				CLANG_CXX_LANGUAGE_STANDARD = "gnu++14";
				CLANG_CXX_LIBRARY = "libc++";
				CLANG_ENABLE_MODULES = YES;
				CLANG_ENABLE_OBJC_ARC = YES;
				CLANG_ENABLE_OBJC_WEAK = YES;
				CLANG_WARN_BLOCK_CAPTURE_AUTORELEASING = YES;
				CLANG_WARN_BOOL_CONVERSION = YES;
				CLANG_WARN_COMMA = YES;
				CLANG_WARN_CONSTANT_CONVERSION = YES;
				CLANG_WARN_DEPRECATED_OBJC_IMPLEMENTATIONS = YES;
				CLANG_WARN_DIRECT_OBJC_ISA_USAGE = YES_ERROR;
				CLANG_WARN_DOCUMENTATION_COMMENTS = YES;
				CLANG_WARN_EMPTY_BODY = YES;
				CLANG_WARN_ENUM_CONVERSION = YES;
				CLANG_WARN_INFINITE_RECURSION = YES;
				CLANG_WARN_INT_CONVERSION = YES;
				CLANG_WARN_NON_LITERAL_NULL_CONVERSION = YES;
				CLANG_WARN_OBJC_IMPLICIT_RETAIN_SELF = YES;
				CLANG_WARN_OBJC_LITERAL_CONVERSION = YES;
				CLANG_WARN_OBJC_ROOT_CLASS = YES_ERROR;
				CLANG_WARN_RANGE_LOOP_ANALYSIS = YES;
				CLANG_WARN_STRICT_PROTOTYPES = YES;
				CLANG_WARN_SUSPICIOUS_MOVE = YES;
				CLANG_WARN_UNGUARDED_AVAILABILITY = YES_AGGRESSIVE;
				CLANG_WARN_UNREACHABLE_CODE = YES;
				CLANG_WARN__DUPLICATE_METHOD_MATCH = YES;
				CODE_SIGN_IDENTITY = "iPhone Developer";
				COPY_PHASE_STRIP = NO;
				DEBUG_INFORMATION_FORMAT = "dwarf-with-dsym";
				ENABLE_NS_ASSERTIONS = NO;
				ENABLE_STRICT_OBJC_MSGSEND = YES;
				GCC_C_LANGUAGE_STANDARD = gnu11;
				GCC_NO_COMMON_BLOCKS = YES;
				GCC_WARN_64_TO_32_BIT_CONVERSION = YES;
				GCC_WARN_ABOUT_RETURN_TYPE = YES_ERROR;
				GCC_WARN_UNDECLARED_SELECTOR = YES;
				GCC_WARN_UNINITIALIZED_AUTOS = YES_AGGRESSIVE;
				GCC_WARN_UNUSED_FUNCTION = YES;
				GCC_WARN_UNUSED_VARIABLE = YES;
				IPHONEOS_DEPLOYMENT_TARGET = 12.2;
				MTL_ENABLE_DEBUG_INFO = NO;
				MTL_FAST_MATH = YES;
				SDKROOT = iphoneos;
				SWIFT_COMPILATION_MODE = wholemodule;
				SWIFT_OPTIMIZATION_LEVEL = "-O";
				VALIDATE_PRODUCT = YES;
			};
			name = Release;
		};
		159BF41022E204ED009CD3BA /* Debug */ = {
			isa = XCBuildConfiguration;
			buildSettings = {
				ASSETCATALOG_COMPILER_APPICON_NAME = AppIcon;
				CODE_SIGN_STYLE = Automatic;
				DEVELOPMENT_TEAM = DPV55T4LCV;
				INFOPLIST_FILE = MTGManager/Info.plist;
				IPHONEOS_DEPLOYMENT_TARGET = 13.0;
				LD_RUNPATH_SEARCH_PATHS = (
					"$(inherited)",
					"@executable_path/Frameworks",
				);
				PRODUCT_BUNDLE_IDENTIFIER = saldanan.MTGManager;
				PRODUCT_NAME = MTGM;
				SWIFT_VERSION = 5.0;
				TARGETED_DEVICE_FAMILY = 1;
			};
			name = Debug;
		};
		159BF41122E204ED009CD3BA /* Release */ = {
			isa = XCBuildConfiguration;
			buildSettings = {
				ASSETCATALOG_COMPILER_APPICON_NAME = AppIcon;
				CODE_SIGN_STYLE = Automatic;
				DEVELOPMENT_TEAM = DPV55T4LCV;
				INFOPLIST_FILE = MTGManager/Info.plist;
				IPHONEOS_DEPLOYMENT_TARGET = 13.0;
				LD_RUNPATH_SEARCH_PATHS = (
					"$(inherited)",
					"@executable_path/Frameworks",
				);
				PRODUCT_BUNDLE_IDENTIFIER = saldanan.MTGManager;
				PRODUCT_NAME = MTGM;
				SWIFT_VERSION = 5.0;
				TARGETED_DEVICE_FAMILY = 1;
			};
			name = Release;
		};
		159BF41322E204ED009CD3BA /* Debug */ = {
			isa = XCBuildConfiguration;
			buildSettings = {
				ALWAYS_EMBED_SWIFT_STANDARD_LIBRARIES = YES;
				BUNDLE_LOADER = "$(TEST_HOST)";
				CODE_SIGN_STYLE = Automatic;
				DEVELOPMENT_TEAM = DPV55T4LCV;
				INFOPLIST_FILE = MTGManagerTests/Info.plist;
				LD_RUNPATH_SEARCH_PATHS = (
					"$(inherited)",
					"@executable_path/Frameworks",
					"@loader_path/Frameworks",
				);
				PRODUCT_BUNDLE_IDENTIFIER = saldanan.MTGManagerTests;
				PRODUCT_NAME = "$(TARGET_NAME)";
				SWIFT_VERSION = 5.0;
				TARGETED_DEVICE_FAMILY = "1,2";
				TEST_HOST = "$(BUILT_PRODUCTS_DIR)/MTGManager.app/MTGManager";
			};
			name = Debug;
		};
		159BF41422E204ED009CD3BA /* Release */ = {
			isa = XCBuildConfiguration;
			buildSettings = {
				ALWAYS_EMBED_SWIFT_STANDARD_LIBRARIES = YES;
				BUNDLE_LOADER = "$(TEST_HOST)";
				CODE_SIGN_STYLE = Automatic;
				DEVELOPMENT_TEAM = DPV55T4LCV;
				INFOPLIST_FILE = MTGManagerTests/Info.plist;
				LD_RUNPATH_SEARCH_PATHS = (
					"$(inherited)",
					"@executable_path/Frameworks",
					"@loader_path/Frameworks",
				);
				PRODUCT_BUNDLE_IDENTIFIER = saldanan.MTGManagerTests;
				PRODUCT_NAME = "$(TARGET_NAME)";
				SWIFT_VERSION = 5.0;
				TARGETED_DEVICE_FAMILY = "1,2";
				TEST_HOST = "$(BUILT_PRODUCTS_DIR)/MTGManager.app/MTGManager";
			};
			name = Release;
		};
		159BF41622E204ED009CD3BA /* Debug */ = {
			isa = XCBuildConfiguration;
			buildSettings = {
				ALWAYS_EMBED_SWIFT_STANDARD_LIBRARIES = YES;
				CODE_SIGN_STYLE = Automatic;
				DEVELOPMENT_TEAM = DPV55T4LCV;
				INFOPLIST_FILE = MTGManagerUITests/Info.plist;
				LD_RUNPATH_SEARCH_PATHS = (
					"$(inherited)",
					"@executable_path/Frameworks",
					"@loader_path/Frameworks",
				);
				PRODUCT_BUNDLE_IDENTIFIER = saldanan.MTGManagerUITests;
				PRODUCT_NAME = "$(TARGET_NAME)";
				SWIFT_VERSION = 5.0;
				TARGETED_DEVICE_FAMILY = "1,2";
				TEST_TARGET_NAME = MTGManager;
			};
			name = Debug;
		};
		159BF41722E204ED009CD3BA /* Release */ = {
			isa = XCBuildConfiguration;
			buildSettings = {
				ALWAYS_EMBED_SWIFT_STANDARD_LIBRARIES = YES;
				CODE_SIGN_STYLE = Automatic;
				DEVELOPMENT_TEAM = DPV55T4LCV;
				INFOPLIST_FILE = MTGManagerUITests/Info.plist;
				LD_RUNPATH_SEARCH_PATHS = (
					"$(inherited)",
					"@executable_path/Frameworks",
					"@loader_path/Frameworks",
				);
				PRODUCT_BUNDLE_IDENTIFIER = saldanan.MTGManagerUITests;
				PRODUCT_NAME = "$(TARGET_NAME)";
				SWIFT_VERSION = 5.0;
				TARGETED_DEVICE_FAMILY = "1,2";
				TEST_TARGET_NAME = MTGManager;
			};
			name = Release;
		};
/* End XCBuildConfiguration section */

/* Begin XCConfigurationList section */
		159BF3E222E204EB009CD3BA /* Build configuration list for PBXProject "MTGManager" */ = {
			isa = XCConfigurationList;
			buildConfigurations = (
				159BF40D22E204ED009CD3BA /* Debug */,
				159BF40E22E204ED009CD3BA /* Release */,
			);
			defaultConfigurationIsVisible = 0;
			defaultConfigurationName = Release;
		};
		159BF40F22E204ED009CD3BA /* Build configuration list for PBXNativeTarget "MTGManager" */ = {
			isa = XCConfigurationList;
			buildConfigurations = (
				159BF41022E204ED009CD3BA /* Debug */,
				159BF41122E204ED009CD3BA /* Release */,
			);
			defaultConfigurationIsVisible = 0;
			defaultConfigurationName = Release;
		};
		159BF41222E204ED009CD3BA /* Build configuration list for PBXNativeTarget "MTGManagerTests" */ = {
			isa = XCConfigurationList;
			buildConfigurations = (
				159BF41322E204ED009CD3BA /* Debug */,
				159BF41422E204ED009CD3BA /* Release */,
			);
			defaultConfigurationIsVisible = 0;
			defaultConfigurationName = Release;
		};
		159BF41522E204ED009CD3BA /* Build configuration list for PBXNativeTarget "MTGManagerUITests" */ = {
			isa = XCConfigurationList;
			buildConfigurations = (
				159BF41622E204ED009CD3BA /* Debug */,
				159BF41722E204ED009CD3BA /* Release */,
			);
			defaultConfigurationIsVisible = 0;
			defaultConfigurationName = Release;
		};
/* End XCConfigurationList section */
	};
	rootObject = 159BF3DF22E204EB009CD3BA /* Project object */;
}
